// !$*UTF8*$!
{
	archiveVersion = 1;
	classes = {
	};
	objectVersion = 56;
	objects = {

/* Begin PBXBuildFile section */
		DD1079F42C8CCB78002ACB99 /* Memoirs.xcdatamodeld in Sources */ = {isa = PBXBuildFile; fileRef = DD1079F22C8CCB78002ACB99 /* Memoirs.xcdatamodeld */; };
		DD1079F62C8CCBEB002ACB99 /* DataController.swift in Sources */ = {isa = PBXBuildFile; fileRef = DD1079F52C8CCBEB002ACB99 /* DataController.swift */; };
		DD107A032C8CD742002ACB99 /* MemoirMonth+CoreDataClass.swift in Sources */ = {isa = PBXBuildFile; fileRef = DD1079FF2C8CD742002ACB99 /* MemoirMonth+CoreDataClass.swift */; };
		DD107A042C8CD742002ACB99 /* MemoirMonth+CoreDataProperties.swift in Sources */ = {isa = PBXBuildFile; fileRef = DD107A002C8CD742002ACB99 /* MemoirMonth+CoreDataProperties.swift */; };
		DD107A052C8CD742002ACB99 /* Memoir+CoreDataClass.swift in Sources */ = {isa = PBXBuildFile; fileRef = DD107A012C8CD742002ACB99 /* Memoir+CoreDataClass.swift */; };
		DD107A062C8CD742002ACB99 /* Memoir+CoreDataProperties.swift in Sources */ = {isa = PBXBuildFile; fileRef = DD107A022C8CD742002ACB99 /* Memoir+CoreDataProperties.swift */; };
		DD23572C2CAD4D0B00BBC41F /* MemoirViewModel.swift in Sources */ = {isa = PBXBuildFile; fileRef = DD23572B2CAD4D0B00BBC41F /* MemoirViewModel.swift */; };
		DD2B15002C8C3A25005F72B8 /* MemoirApp.swift in Sources */ = {isa = PBXBuildFile; fileRef = DD2B14FF2C8C3A25005F72B8 /* MemoirApp.swift */; };
		DD2B15022C8C3A25005F72B8 /* MemoirListView.swift in Sources */ = {isa = PBXBuildFile; fileRef = DD2B15012C8C3A25005F72B8 /* MemoirListView.swift */; };
		DD2B15062C8C3A26005F72B8 /* Assets.xcassets in Resources */ = {isa = PBXBuildFile; fileRef = DD2B15052C8C3A26005F72B8 /* Assets.xcassets */; };
		DD2B15092C8C3A26005F72B8 /* Preview Assets.xcassets in Resources */ = {isa = PBXBuildFile; fileRef = DD2B15082C8C3A26005F72B8 /* Preview Assets.xcassets */; };
		DD8CE6FD2C99FF9E00741267 /* MemoirListViewModel.swift in Sources */ = {isa = PBXBuildFile; fileRef = DD8CE6FC2C99FF9E00741267 /* MemoirListViewModel.swift */; };
		DD8CE6FF2C9A04ED00741267 /* DateConverter.swift in Sources */ = {isa = PBXBuildFile; fileRef = DD8CE6FE2C9A04ED00741267 /* DateConverter.swift */; };
		DD8CE7012C9A04FD00741267 /* ViewHeightKey.swift in Sources */ = {isa = PBXBuildFile; fileRef = DD8CE7002C9A04FD00741267 /* ViewHeightKey.swift */; };
		DDD23DCA2C8DBA93001B3E3F /* MemoirView.swift in Sources */ = {isa = PBXBuildFile; fileRef = DDD23DC92C8DBA93001B3E3F /* MemoirView.swift */; };
		DDD23DD02C8DBB06001B3E3F /* MemoirMonthView.swift in Sources */ = {isa = PBXBuildFile; fileRef = DDD23DCF2C8DBB06001B3E3F /* MemoirMonthView.swift */; };
/* End PBXBuildFile section */

/* Begin PBXFileReference section */
		DD1079F32C8CCB78002ACB99 /* Memoirs.xcdatamodel */ = {isa = PBXFileReference; lastKnownFileType = wrapper.xcdatamodel; path = Memoirs.xcdatamodel; sourceTree = "<group>"; };
		DD1079F52C8CCBEB002ACB99 /* DataController.swift */ = {isa = PBXFileReference; lastKnownFileType = sourcecode.swift; path = DataController.swift; sourceTree = "<group>"; };
		DD1079FF2C8CD742002ACB99 /* MemoirMonth+CoreDataClass.swift */ = {isa = PBXFileReference; lastKnownFileType = sourcecode.swift; path = "MemoirMonth+CoreDataClass.swift"; sourceTree = "<group>"; };
		DD107A002C8CD742002ACB99 /* MemoirMonth+CoreDataProperties.swift */ = {isa = PBXFileReference; lastKnownFileType = sourcecode.swift; path = "MemoirMonth+CoreDataProperties.swift"; sourceTree = "<group>"; };
		DD107A012C8CD742002ACB99 /* Memoir+CoreDataClass.swift */ = {isa = PBXFileReference; lastKnownFileType = sourcecode.swift; path = "Memoir+CoreDataClass.swift"; sourceTree = "<group>"; };
		DD107A022C8CD742002ACB99 /* Memoir+CoreDataProperties.swift */ = {isa = PBXFileReference; lastKnownFileType = sourcecode.swift; path = "Memoir+CoreDataProperties.swift"; sourceTree = "<group>"; };
		DD23572B2CAD4D0B00BBC41F /* MemoirViewModel.swift */ = {isa = PBXFileReference; lastKnownFileType = sourcecode.swift; path = MemoirViewModel.swift; sourceTree = "<group>"; };
		DD2B14FC2C8C3A25005F72B8 /* Memoir.app */ = {isa = PBXFileReference; explicitFileType = wrapper.application; includeInIndex = 0; path = Memoir.app; sourceTree = BUILT_PRODUCTS_DIR; };
		DD2B14FF2C8C3A25005F72B8 /* MemoirApp.swift */ = {isa = PBXFileReference; lastKnownFileType = sourcecode.swift; path = MemoirApp.swift; sourceTree = "<group>"; };
		DD2B15012C8C3A25005F72B8 /* MemoirListView.swift */ = {isa = PBXFileReference; lastKnownFileType = sourcecode.swift; path = MemoirListView.swift; sourceTree = "<group>"; };
		DD2B15052C8C3A26005F72B8 /* Assets.xcassets */ = {isa = PBXFileReference; lastKnownFileType = folder.assetcatalog; path = Assets.xcassets; sourceTree = "<group>"; };
		DD2B15082C8C3A26005F72B8 /* Preview Assets.xcassets */ = {isa = PBXFileReference; lastKnownFileType = folder.assetcatalog; path = "Preview Assets.xcassets"; sourceTree = "<group>"; };
		DD8CE6FC2C99FF9E00741267 /* MemoirListViewModel.swift */ = {isa = PBXFileReference; lastKnownFileType = sourcecode.swift; path = MemoirListViewModel.swift; sourceTree = "<group>"; };
		DD8CE6FE2C9A04ED00741267 /* DateConverter.swift */ = {isa = PBXFileReference; lastKnownFileType = sourcecode.swift; path = DateConverter.swift; sourceTree = "<group>"; };
		DD8CE7002C9A04FD00741267 /* ViewHeightKey.swift */ = {isa = PBXFileReference; lastKnownFileType = sourcecode.swift; path = ViewHeightKey.swift; sourceTree = "<group>"; };
		DDD23DC92C8DBA93001B3E3F /* MemoirView.swift */ = {isa = PBXFileReference; fileEncoding = 4; lastKnownFileType = sourcecode.swift; path = MemoirView.swift; sourceTree = "<group>"; };
		DDD23DCF2C8DBB06001B3E3F /* MemoirMonthView.swift */ = {isa = PBXFileReference; lastKnownFileType = sourcecode.swift; path = MemoirMonthView.swift; sourceTree = "<group>"; };
/* End PBXFileReference section */

/* Begin PBXFrameworksBuildPhase section */
		DD2B14F92C8C3A25005F72B8 /* Frameworks */ = {
			isa = PBXFrameworksBuildPhase;
			buildActionMask = 2147483647;
			files = (
			);
			runOnlyForDeploymentPostprocessing = 0;
		};
/* End PBXFrameworksBuildPhase section */

/* Begin PBXGroup section */
		DD2B14F32C8C3A25005F72B8 = {
			isa = PBXGroup;
			children = (
				DD8CE7052C9A05DD00741267 /* CoreData */,
				DD2B14FE2C8C3A25005F72B8 /* Memoir */,
				DD2B14FD2C8C3A25005F72B8 /* Products */,
			);
			sourceTree = "<group>";
		};
		DD2B14FD2C8C3A25005F72B8 /* Products */ = {
			isa = PBXGroup;
			children = (
				DD2B14FC2C8C3A25005F72B8 /* Memoir.app */,
			);
			name = Products;
			sourceTree = "<group>";
		};
		DD2B14FE2C8C3A25005F72B8 /* Memoir */ = {
			isa = PBXGroup;
			children = (
				DD8CE7022C9A055700741267 /* Core */,
				DD2B15012C8C3A25005F72B8 /* MemoirListView.swift */,
				DD8CE6FC2C99FF9E00741267 /* MemoirListViewModel.swift */,
				DDD23DC92C8DBA93001B3E3F /* MemoirView.swift */,
				DD23572B2CAD4D0B00BBC41F /* MemoirViewModel.swift */,
				DDD23DCF2C8DBB06001B3E3F /* MemoirMonthView.swift */,
				DD2B15072C8C3A26005F72B8 /* Preview Content */,
				DD2B15052C8C3A26005F72B8 /* Assets.xcassets */,
				DD2B14FF2C8C3A25005F72B8 /* MemoirApp.swift */,
			);
			path = Memoir;
			sourceTree = "<group>";
		};
		DD2B15072C8C3A26005F72B8 /* Preview Content */ = {
			isa = PBXGroup;
			children = (
				DD2B15082C8C3A26005F72B8 /* Preview Assets.xcassets */,
			);
			path = "Preview Content";
			sourceTree = "<group>";
		};
		DD8CE7022C9A055700741267 /* Core */ = {
			isa = PBXGroup;
			children = (
				DD8CE7032C9A057A00741267 /* Helpers */,
				DD8CE7042C9A059100741267 /* SwiftUI+ */,
				DD1079F52C8CCBEB002ACB99 /* DataController.swift */,
			);
			path = Core;
			sourceTree = "<group>";
		};
		DD8CE7032C9A057A00741267 /* Helpers */ = {
			isa = PBXGroup;
			children = (
				DD8CE6FE2C9A04ED00741267 /* DateConverter.swift */,
			);
			path = Helpers;
			sourceTree = "<group>";
		};
		DD8CE7042C9A059100741267 /* SwiftUI+ */ = {
			isa = PBXGroup;
			children = (
				DD8CE7002C9A04FD00741267 /* ViewHeightKey.swift */,
			);
			path = "SwiftUI+";
			sourceTree = "<group>";
		};
		DD8CE7052C9A05DD00741267 /* CoreData */ = {
			isa = PBXGroup;
			children = (
				DD1079F22C8CCB78002ACB99 /* Memoirs.xcdatamodeld */,
				DD1079FF2C8CD742002ACB99 /* MemoirMonth+CoreDataClass.swift */,
				DD107A002C8CD742002ACB99 /* MemoirMonth+CoreDataProperties.swift */,
				DD107A012C8CD742002ACB99 /* Memoir+CoreDataClass.swift */,
				DD107A022C8CD742002ACB99 /* Memoir+CoreDataProperties.swift */,
			);
			path = CoreData;
			sourceTree = "<group>";
		};
/* End PBXGroup section */

/* Begin PBXNativeTarget section */
		DD2B14FB2C8C3A25005F72B8 /* Memoir */ = {
			isa = PBXNativeTarget;
			buildConfigurationList = DD2B150C2C8C3A26005F72B8 /* Build configuration list for PBXNativeTarget "Memoir" */;
			buildPhases = (
				DD2B14F82C8C3A25005F72B8 /* Sources */,
				DD2B14F92C8C3A25005F72B8 /* Frameworks */,
				DD2B14FA2C8C3A25005F72B8 /* Resources */,
			);
			buildRules = (
			);
			dependencies = (
			);
			name = Memoir;
			productName = Memoir;
			productReference = DD2B14FC2C8C3A25005F72B8 /* Memoir.app */;
			productType = "com.apple.product-type.application";
		};
/* End PBXNativeTarget section */

/* Begin PBXProject section */
		DD2B14F42C8C3A25005F72B8 /* Project object */ = {
			isa = PBXProject;
			attributes = {
				BuildIndependentTargetsInParallel = 1;
				LastSwiftUpdateCheck = 1540;
				LastUpgradeCheck = 1540;
				TargetAttributes = {
					DD2B14FB2C8C3A25005F72B8 = {
						CreatedOnToolsVersion = 15.4;
					};
				};
			};
			buildConfigurationList = DD2B14F72C8C3A25005F72B8 /* Build configuration list for PBXProject "Memoir" */;
			compatibilityVersion = "Xcode 14.0";
			developmentRegion = en;
			hasScannedForEncodings = 0;
			knownRegions = (
				en,
				Base,
			);
			mainGroup = DD2B14F32C8C3A25005F72B8;
			productRefGroup = DD2B14FD2C8C3A25005F72B8 /* Products */;
			projectDirPath = "";
			projectRoot = "";
			targets = (
				DD2B14FB2C8C3A25005F72B8 /* Memoir */,
			);
		};
/* End PBXProject section */

/* Begin PBXResourcesBuildPhase section */
		DD2B14FA2C8C3A25005F72B8 /* Resources */ = {
			isa = PBXResourcesBuildPhase;
			buildActionMask = 2147483647;
			files = (
				DD2B15092C8C3A26005F72B8 /* Preview Assets.xcassets in Resources */,
				DD2B15062C8C3A26005F72B8 /* Assets.xcassets in Resources */,
			);
			runOnlyForDeploymentPostprocessing = 0;
		};
/* End PBXResourcesBuildPhase section */

/* Begin PBXSourcesBuildPhase section */
		DD2B14F82C8C3A25005F72B8 /* Sources */ = {
			isa = PBXSourcesBuildPhase;
			buildActionMask = 2147483647;
			files = (
				DD1079F62C8CCBEB002ACB99 /* DataController.swift in Sources */,
				DD8CE7012C9A04FD00741267 /* ViewHeightKey.swift in Sources */,
				DD8CE6FD2C99FF9E00741267 /* MemoirListViewModel.swift in Sources */,
				DDD23DCA2C8DBA93001B3E3F /* MemoirView.swift in Sources */,
				DDD23DD02C8DBB06001B3E3F /* MemoirMonthView.swift in Sources */,
				DD1079F42C8CCB78002ACB99 /* Memoirs.xcdatamodeld in Sources */,
				DD23572C2CAD4D0B00BBC41F /* MemoirViewModel.swift in Sources */,
				DD2B15022C8C3A25005F72B8 /* MemoirListView.swift in Sources */,
				DD107A032C8CD742002ACB99 /* MemoirMonth+CoreDataClass.swift in Sources */,
				DD107A042C8CD742002ACB99 /* MemoirMonth+CoreDataProperties.swift in Sources */,
				DD8CE6FF2C9A04ED00741267 /* DateConverter.swift in Sources */,
				DD107A052C8CD742002ACB99 /* Memoir+CoreDataClass.swift in Sources */,
				DD107A062C8CD742002ACB99 /* Memoir+CoreDataProperties.swift in Sources */,
				DD2B15002C8C3A25005F72B8 /* MemoirApp.swift in Sources */,
			);
			runOnlyForDeploymentPostprocessing = 0;
		};
/* End PBXSourcesBuildPhase section */

/* Begin XCBuildConfiguration section */
		DD2B150A2C8C3A26005F72B8 /* Debug */ = {
			isa = XCBuildConfiguration;
			buildSettings = {
				ALWAYS_SEARCH_USER_PATHS = NO;
				ASSETCATALOG_COMPILER_GENERATE_SWIFT_ASSET_SYMBOL_EXTENSIONS = YES;
				CLANG_ANALYZER_NONNULL = YES;
				CLANG_ANALYZER_NUMBER_OBJECT_CONVERSION = YES_AGGRESSIVE;
				CLANG_CXX_LANGUAGE_STANDARD = "gnu++20";
				CLANG_ENABLE_MODULES = YES;
				CLANG_ENABLE_OBJC_ARC = YES;
				CLANG_ENABLE_OBJC_WEAK = YES;
				CLANG_WARN_BLOCK_CAPTURE_AUTORELEASING = YES;
				CLANG_WARN_BOOL_CONVERSION = YES;
				CLANG_WARN_COMMA = YES;
				CLANG_WARN_CONSTANT_CONVERSION = YES;
				CLANG_WARN_DEPRECATED_OBJC_IMPLEMENTATIONS = YES;
				CLANG_WARN_DIRECT_OBJC_ISA_USAGE = YES_ERROR;
				CLANG_WARN_DOCUMENTATION_COMMENTS = YES;
				CLANG_WARN_EMPTY_BODY = YES;
				CLANG_WARN_ENUM_CONVERSION = YES;
				CLANG_WARN_INFINITE_RECURSION = YES;
				CLANG_WARN_INT_CONVERSION = YES;
				CLANG_WARN_NON_LITERAL_NULL_CONVERSION = YES;
				CLANG_WARN_OBJC_IMPLICIT_RETAIN_SELF = YES;
				CLANG_WARN_OBJC_LITERAL_CONVERSION = YES;
				CLANG_WARN_OBJC_ROOT_CLASS = YES_ERROR;
				CLANG_WARN_QUOTED_INCLUDE_IN_FRAMEWORK_HEADER = YES;
				CLANG_WARN_RANGE_LOOP_ANALYSIS = YES;
				CLANG_WARN_STRICT_PROTOTYPES = YES;
				CLANG_WARN_SUSPICIOUS_MOVE = YES;
				CLANG_WARN_UNGUARDED_AVAILABILITY = YES_AGGRESSIVE;
				CLANG_WARN_UNREACHABLE_CODE = YES;
				CLANG_WARN__DUPLICATE_METHOD_MATCH = YES;
				COPY_PHASE_STRIP = NO;
				DEBUG_INFORMATION_FORMAT = dwarf;
				ENABLE_STRICT_OBJC_MSGSEND = YES;
				ENABLE_TESTABILITY = YES;
				ENABLE_USER_SCRIPT_SANDBOXING = YES;
				GCC_C_LANGUAGE_STANDARD = gnu17;
				GCC_DYNAMIC_NO_PIC = NO;
				GCC_NO_COMMON_BLOCKS = YES;
				GCC_OPTIMIZATION_LEVEL = 0;
				GCC_PREPROCESSOR_DEFINITIONS = (
					"DEBUG=1",
					"$(inherited)",
				);
				GCC_WARN_64_TO_32_BIT_CONVERSION = YES;
				GCC_WARN_ABOUT_RETURN_TYPE = YES_ERROR;
				GCC_WARN_UNDECLARED_SELECTOR = YES;
				GCC_WARN_UNINITIALIZED_AUTOS = YES_AGGRESSIVE;
				GCC_WARN_UNUSED_FUNCTION = YES;
				GCC_WARN_UNUSED_VARIABLE = YES;
				IPHONEOS_DEPLOYMENT_TARGET = 17.5;
				LOCALIZATION_PREFERS_STRING_CATALOGS = YES;
				MTL_ENABLE_DEBUG_INFO = INCLUDE_SOURCE;
				MTL_FAST_MATH = YES;
				ONLY_ACTIVE_ARCH = YES;
				SDKROOT = iphoneos;
				SWIFT_ACTIVE_COMPILATION_CONDITIONS = "DEBUG $(inherited)";
				SWIFT_OPTIMIZATION_LEVEL = "-Onone";
			};
			name = Debug;
		};
		DD2B150B2C8C3A26005F72B8 /* Release */ = {
			isa = XCBuildConfiguration;
			buildSettings = {
				ALWAYS_SEARCH_USER_PATHS = NO;
				ASSETCATALOG_COMPILER_GENERATE_SWIFT_ASSET_SYMBOL_EXTENSIONS = YES;
				CLANG_ANALYZER_NONNULL = YES;
				CLANG_ANALYZER_NUMBER_OBJECT_CONVERSION = YES_AGGRESSIVE;
				CLANG_CXX_LANGUAGE_STANDARD = "gnu++20";
				CLANG_ENABLE_MODULES = YES;
				CLANG_ENABLE_OBJC_ARC = YES;
				CLANG_ENABLE_OBJC_WEAK = YES;
				CLANG_WARN_BLOCK_CAPTURE_AUTORELEASING = YES;
				CLANG_WARN_BOOL_CONVERSION = YES;
				CLANG_WARN_COMMA = YES;
				CLANG_WARN_CONSTANT_CONVERSION = YES;
				CLANG_WARN_DEPRECATED_OBJC_IMPLEMENTATIONS = YES;
				CLANG_WARN_DIRECT_OBJC_ISA_USAGE = YES_ERROR;
				CLANG_WARN_DOCUMENTATION_COMMENTS = YES;
				CLANG_WARN_EMPTY_BODY = YES;
				CLANG_WARN_ENUM_CONVERSION = YES;
				CLANG_WARN_INFINITE_RECURSION = YES;
				CLANG_WARN_INT_CONVERSION = YES;
				CLANG_WARN_NON_LITERAL_NULL_CONVERSION = YES;
				CLANG_WARN_OBJC_IMPLICIT_RETAIN_SELF = YES;
				CLANG_WARN_OBJC_LITERAL_CONVERSION = YES;
				CLANG_WARN_OBJC_ROOT_CLASS = YES_ERROR;
				CLANG_WARN_QUOTED_INCLUDE_IN_FRAMEWORK_HEADER = YES;
				CLANG_WARN_RANGE_LOOP_ANALYSIS = YES;
				CLANG_WARN_STRICT_PROTOTYPES = YES;
				CLANG_WARN_SUSPICIOUS_MOVE = YES;
				CLANG_WARN_UNGUARDED_AVAILABILITY = YES_AGGRESSIVE;
				CLANG_WARN_UNREACHABLE_CODE = YES;
				CLANG_WARN__DUPLICATE_METHOD_MATCH = YES;
				COPY_PHASE_STRIP = NO;
				DEBUG_INFORMATION_FORMAT = "dwarf-with-dsym";
				ENABLE_NS_ASSERTIONS = NO;
				ENABLE_STRICT_OBJC_MSGSEND = YES;
				ENABLE_USER_SCRIPT_SANDBOXING = YES;
				GCC_C_LANGUAGE_STANDARD = gnu17;
				GCC_NO_COMMON_BLOCKS = YES;
				GCC_WARN_64_TO_32_BIT_CONVERSION = YES;
				GCC_WARN_ABOUT_RETURN_TYPE = YES_ERROR;
				GCC_WARN_UNDECLARED_SELECTOR = YES;
				GCC_WARN_UNINITIALIZED_AUTOS = YES_AGGRESSIVE;
				GCC_WARN_UNUSED_FUNCTION = YES;
				GCC_WARN_UNUSED_VARIABLE = YES;
				IPHONEOS_DEPLOYMENT_TARGET = 17.5;
				LOCALIZATION_PREFERS_STRING_CATALOGS = YES;
				MTL_ENABLE_DEBUG_INFO = NO;
				MTL_FAST_MATH = YES;
				SDKROOT = iphoneos;
				SWIFT_COMPILATION_MODE = wholemodule;
				VALIDATE_PRODUCT = YES;
			};
			name = Release;
		};
		DD2B150D2C8C3A26005F72B8 /* Debug */ = {
			isa = XCBuildConfiguration;
			buildSettings = {
				ASSETCATALOG_COMPILER_APPICON_NAME = AppIcon;
				ASSETCATALOG_COMPILER_GLOBAL_ACCENT_COLOR_NAME = AccentColor;
				CODE_SIGN_STYLE = Automatic;
				CURRENT_PROJECT_VERSION = 1;
				DEVELOPMENT_ASSET_PATHS = "\"Memoir/Preview Content\"";
				DEVELOPMENT_TEAM = 2QFAHY4PT3;
				ENABLE_PREVIEWS = YES;
				GENERATE_INFOPLIST_FILE = YES;
				INFOPLIST_KEY_UIApplicationSceneManifest_Generation = YES;
				INFOPLIST_KEY_UIApplicationSupportsIndirectInputEvents = YES;
				INFOPLIST_KEY_UILaunchScreen_Generation = YES;
				INFOPLIST_KEY_UISupportedInterfaceOrientations_iPad = "UIInterfaceOrientationPortrait UIInterfaceOrientationPortraitUpsideDown UIInterfaceOrientationLandscapeLeft UIInterfaceOrientationLandscapeRight";
				INFOPLIST_KEY_UISupportedInterfaceOrientations_iPhone = "UIInterfaceOrientationPortrait UIInterfaceOrientationLandscapeLeft UIInterfaceOrientationLandscapeRight";
				IPHONEOS_DEPLOYMENT_TARGET = 15.0;
				LD_RUNPATH_SEARCH_PATHS = (
					"$(inherited)",
					"@executable_path/Frameworks",
				);
				MARKETING_VERSION = 1.0;
				PRODUCT_BUNDLE_IDENTIFIER = com.shalugin.Memoir;
				PRODUCT_NAME = "$(TARGET_NAME)";
				SWIFT_EMIT_LOC_STRINGS = YES;
				SWIFT_VERSION = 5.0;
				TARGETED_DEVICE_FAMILY = "1,2";
			};
			name = Debug;
		};
		DD2B150E2C8C3A26005F72B8 /* Release */ = {
			isa = XCBuildConfiguration;
			buildSettings = {
				ASSETCATALOG_COMPILER_APPICON_NAME = AppIcon;
				ASSETCATALOG_COMPILER_GLOBAL_ACCENT_COLOR_NAME = AccentColor;
				CODE_SIGN_STYLE = Automatic;
				CURRENT_PROJECT_VERSION = 1;
				DEVELOPMENT_ASSET_PATHS = "\"Memoir/Preview Content\"";
				DEVELOPMENT_TEAM = 2QFAHY4PT3;
				ENABLE_PREVIEWS = YES;
				GENERATE_INFOPLIST_FILE = YES;
				INFOPLIST_KEY_UIApplicationSceneManifest_Generation = YES;
				INFOPLIST_KEY_UIApplicationSupportsIndirectInputEvents = YES;
				INFOPLIST_KEY_UILaunchScreen_Generation = YES;
				INFOPLIST_KEY_UISupportedInterfaceOrientations_iPad = "UIInterfaceOrientationPortrait UIInterfaceOrientationPortraitUpsideDown UIInterfaceOrientationLandscapeLeft UIInterfaceOrientationLandscapeRight";
				INFOPLIST_KEY_UISupportedInterfaceOrientations_iPhone = "UIInterfaceOrientationPortrait UIInterfaceOrientationLandscapeLeft UIInterfaceOrientationLandscapeRight";
				IPHONEOS_DEPLOYMENT_TARGET = 15.0;
				LD_RUNPATH_SEARCH_PATHS = (
					"$(inherited)",
					"@executable_path/Frameworks",
				);
				MARKETING_VERSION = 1.0;
				PRODUCT_BUNDLE_IDENTIFIER = com.shalugin.Memoir;
				PRODUCT_NAME = "$(TARGET_NAME)";
				SWIFT_EMIT_LOC_STRINGS = YES;
				SWIFT_VERSION = 5.0;
				TARGETED_DEVICE_FAMILY = "1,2";
			};
			name = Release;
		};
/* End XCBuildConfiguration section */

/* Begin XCConfigurationList section */
		DD2B14F72C8C3A25005F72B8 /* Build configuration list for PBXProject "Memoir" */ = {
			isa = XCConfigurationList;
			buildConfigurations = (
				DD2B150A2C8C3A26005F72B8 /* Debug */,
				DD2B150B2C8C3A26005F72B8 /* Release */,
			);
			defaultConfigurationIsVisible = 0;
			defaultConfigurationName = Release;
		};
		DD2B150C2C8C3A26005F72B8 /* Build configuration list for PBXNativeTarget "Memoir" */ = {
			isa = XCConfigurationList;
			buildConfigurations = (
				DD2B150D2C8C3A26005F72B8 /* Debug */,
				DD2B150E2C8C3A26005F72B8 /* Release */,
			);
			defaultConfigurationIsVisible = 0;
			defaultConfigurationName = Release;
		};
/* End XCConfigurationList section */

/* Begin XCVersionGroup section */
		DD1079F22C8CCB78002ACB99 /* Memoirs.xcdatamodeld */ = {
			isa = XCVersionGroup;
			children = (
				DD1079F32C8CCB78002ACB99 /* Memoirs.xcdatamodel */,
			);
			currentVersion = DD1079F32C8CCB78002ACB99 /* Memoirs.xcdatamodel */;
			path = Memoirs.xcdatamodeld;
			sourceTree = "<group>";
			versionGroupType = wrapper.xcdatamodel;
		};
/* End XCVersionGroup section */
	};
	rootObject = DD2B14F42C8C3A25005F72B8 /* Project object */;
}
